
Microsoft Visual Studio Solution File, Format Version 12.00
# Visual Studio Version 17
VisualStudioVersion = 17.13.35825.156
MinimumVisualStudioVersion = 10.0.40219.1
Project("{FAE04EC0-301F-11D3-BF4B-00C04F79EFBC}") = "API.Inventory.API", "API.Inventory.API\API.Inventory.API.csproj", "{12F20320-908A-4C2C-842F-8885741FEC18}"
EndProject
Project("{FAE04EC0-301F-11D3-BF4B-00C04F79EFBC}") = "API.Inventory.CORE", "API.Inventory.CORE\API.Inventory.CORE.csproj", "{318CE304-2B03-4FD5-8944-14231647FE65}"
EndProject
Global
	GlobalSection(SolutionConfigurationPlatforms) = preSolution
		Debug|Any CPU = Debug|Any CPU
		Release|Any CPU = Release|Any CPU
	EndGlobalSection
	GlobalSection(ProjectConfigurationPlatforms) = postSolution
		{12F20320-908A-4C2C-842F-8885741FEC18}.Debug|Any CPU.ActiveCfg = Debug|Any CPU
		{12F20320-908A-4C2C-842F-8885741FEC18}.Debug|Any CPU.Build.0 = Debug|Any CPU
		{12F20320-908A-4C2C-842F-8885741FEC18}.Release|Any CPU.ActiveCfg = Release|Any CPU
		{12F20320-908A-4C2C-842F-8885741FEC18}.Release|Any CPU.Build.0 = Release|Any CPU
		{318CE304-2B03-4FD5-8944-14231647FE65}.Debug|Any CPU.ActiveCfg = Debug|Any CPU
		{318CE304-2B03-4FD5-8944-14231647FE65}.Debug|Any CPU.Build.0 = Debug|Any CPU
		{318CE304-2B03-4FD5-8944-14231647FE65}.Release|Any CPU.ActiveCfg = Release|Any CPU
		{318CE304-2B03-4FD5-8944-14231647FE65}.Release|Any CPU.Build.0 = Release|Any CPU
	EndGlobalSection
	GlobalSection(SolutionProperties) = preSolution
		HideSolutionNode = FALSE
	EndGlobalSection
	GlobalSection(ExtensibilityGlobals) = postSolution
		SolutionGuid = {F78920AB-504B-46E9-B1A5-F042C50CC45D}
	EndGlobalSection
EndGlobal
